
Microsoft Visual Studio Solution File, Format Version 12.00
# Visual Studio Version 17
VisualStudioVersion = 17.5.33627.172
MinimumVisualStudioVersion = 10.0.40219.1
Project("{FAE04EC0-301F-11D3-BF4B-00C04F79EFBC}") = "WebApplication1", "WebApplication1\WebApplication1.csproj", "{BF063FFD-FE2E-4A0C-BD83-4DE004F2C3A7}"
EndProject
Project("{FAE04EC0-301F-11D3-BF4B-00C04F79EFBC}") = "DataAccess", "DataAccess\DataAccess.csproj", "{F6F05718-ECAF-446D-965E-8B8031036D59}"
EndProject
Global
	GlobalSection(SolutionConfigurationPlatforms) = preSolution
		Debug|Any CPU = Debug|Any CPU
		Release|Any CPU = Release|Any CPU
	EndGlobalSection
	GlobalSection(ProjectConfigurationPlatforms) = postSolution
		{BF063FFD-FE2E-4A0C-BD83-4DE004F2C3A7}.Debug|Any CPU.ActiveCfg = Debug|Any CPU
		{BF063FFD-FE2E-4A0C-BD83-4DE004F2C3A7}.Debug|Any CPU.Build.0 = Debug|Any CPU
		{BF063FFD-FE2E-4A0C-BD83-4DE004F2C3A7}.Release|Any CPU.ActiveCfg = Release|Any CPU
		{BF063FFD-FE2E-4A0C-BD83-4DE004F2C3A7}.Release|Any CPU.Build.0 = Release|Any CPU
		{F6F05718-ECAF-446D-965E-8B8031036D59}.Debug|Any CPU.ActiveCfg = Debug|Any CPU
		{F6F05718-ECAF-446D-965E-8B8031036D59}.Debug|Any CPU.Build.0 = Debug|Any CPU
		{F6F05718-ECAF-446D-965E-8B8031036D59}.Release|Any CPU.ActiveCfg = Release|Any CPU
		{F6F05718-ECAF-446D-965E-8B8031036D59}.Release|Any CPU.Build.0 = Release|Any CPU
	EndGlobalSection
	GlobalSection(SolutionProperties) = preSolution
		HideSolutionNode = FALSE
	EndGlobalSection
	GlobalSection(ExtensibilityGlobals) = postSolution
		SolutionGuid = {68EEBDAF-2901-484C-8D12-A87E5536934B}
	EndGlobalSection
EndGlobal
